
Microsoft Visual Studio Solution File, Format Version 12.00
# Visual Studio 15
VisualStudioVersion = 15.0.27130.2036
MinimumVisualStudioVersion = 10.0.40219.1
Project("{E24C65DC-7377-472B-9ABA-BC803B73C61A}") = "AnimeForum", "AnimeForum\", "{F7AA22C5-E97A-4C4F-AD54-AC4627202AFC}"
	ProjectSection(WebsiteProperties) = preProject
		TargetFrameworkMoniker = ".NETFramework,Version%3Dv4.6.1"
		Debug.AspNetCompiler.VirtualPath = "/localhost_57401"
		Debug.AspNetCompiler.PhysicalPath = "AnimeForum\"
		Debug.AspNetCompiler.TargetPath = "PrecompiledWeb\localhost_57401\"
		Debug.AspNetCompiler.Updateable = "true"
		Debug.AspNetCompiler.ForceOverwrite = "true"
		Debug.AspNetCompiler.FixedNames = "false"
		Debug.AspNetCompiler.Debug = "True"
		Release.AspNetCompiler.VirtualPath = "/localhost_57401"
		Release.AspNetCompiler.PhysicalPath = "AnimeForum\"
		Release.AspNetCompiler.TargetPath = "PrecompiledWeb\localhost_57401\"
		Release.AspNetCompiler.Updateable = "true"
		Release.AspNetCompiler.ForceOverwrite = "true"
		Release.AspNetCompiler.FixedNames = "false"
		Release.AspNetCompiler.Debug = "False"
		VWDPort = "57401"
		SlnRelativePath = "AnimeForum\"
		DefaultWebSiteLanguage = "Visual C#"
	EndProjectSection
EndProject
Global
	GlobalSection(SolutionConfigurationPlatforms) = preSolution
		Debug|Any CPU = Debug|Any CPU
	EndGlobalSection
	GlobalSection(ProjectConfigurationPlatforms) = postSolution
		{F7AA22C5-E97A-4C4F-AD54-AC4627202AFC}.Debug|Any CPU.ActiveCfg = Debug|Any CPU
		{F7AA22C5-E97A-4C4F-AD54-AC4627202AFC}.Debug|Any CPU.Build.0 = Debug|Any CPU
	EndGlobalSection
	GlobalSection(SolutionProperties) = preSolution
		HideSolutionNode = FALSE
	EndGlobalSection
	GlobalSection(ExtensibilityGlobals) = postSolution
		SolutionGuid = {5942FB0B-DD57-4EB4-9CC6-8FBAAF478BB6}
	EndGlobalSection
EndGlobal
